
Microsoft Visual Studio Solution File, Format Version 12.00
# Visual Studio Version 16
VisualStudioVersion = 16.0.29728.190
MinimumVisualStudioVersion = 10.0.40219.1
Project("{FAE04EC0-301F-11D3-BF4B-00C04F79EFBC}") = "labaBuldozerKazakovISEbd-22", "labaBuldozerKazakovISEbd-22\labaBuldozerKazakovISEbd-22.csproj", "{A8661A93-2A6D-4067-BB02-6E488A4F8E19}"
EndProject
Global
	GlobalSection(SolutionConfigurationPlatforms) = preSolution
		Debug|Any CPU = Debug|Any CPU
		Release|Any CPU = Release|Any CPU
	EndGlobalSection
	GlobalSection(ProjectConfigurationPlatforms) = postSolution
		{A8661A93-2A6D-4067-BB02-6E488A4F8E19}.Debug|Any CPU.ActiveCfg = Debug|Any CPU
		{A8661A93-2A6D-4067-BB02-6E488A4F8E19}.Debug|Any CPU.Build.0 = Debug|Any CPU
		{A8661A93-2A6D-4067-BB02-6E488A4F8E19}.Release|Any CPU.ActiveCfg = Release|Any CPU
		{A8661A93-2A6D-4067-BB02-6E488A4F8E19}.Release|Any CPU.Build.0 = Release|Any CPU
	EndGlobalSection
	GlobalSection(SolutionProperties) = preSolution
		HideSolutionNode = FALSE
	EndGlobalSection
	GlobalSection(ExtensibilityGlobals) = postSolution
		SolutionGuid = {01C4B55C-D21F-442F-A78A-A00C6307B21B}
	EndGlobalSection
EndGlobal
